lockfileVersion: '9.0'

settings:
  autoInstallPeers: true
  excludeLinksFromLockfile: false

importers:

  .:
    devDependencies:
      oxfmt:
        specifier: ^0.2.0
        version: 0.2.0

packages:

  '@oxfmt/darwin-arm64@0.2.0':
    resolution: {integrity: sha512-NK7iEPqRovUvKac+4dn2ui8v5Y5q6UJ9v4z5Zjr5lmEzTlBwXToP3TwY75IAaCYeu0g8Es7ToJpS7qCQuxUhuA==}
    cpu: [arm64]
    os: [darwin]

  '@oxfmt/darwin-x64@0.2.0':
    resolution: {integrity: sha512-eXDgT+DbIMnA3sWE+w38rOvXaxkP4RvHi41rPpWb9XoRGbM+tOo0c8RYqCIX39n7PizOlbF/xUBh9nMhiW01wQ==}
    cpu: [x64]
    os: [darwin]

  '@oxfmt/linux-arm64-gnu@0.2.0':
    resolution: {integrity: sha512-h4mw9/Lck5X/SU1RPE26VraoBJgn9SOoLl8GnaYvtmRBFHK0v+2KpnBSwMWeiaIxCdJSsrVc9mpKSOcPsen7Cg==}
    cpu: [arm64]
    os: [linux]
    libc: [glibc]

  '@oxfmt/linux-arm64-musl@0.2.0':
    resolution: {integrity: sha512-kDZ/kVCgh9kSczMH2gPXZs+rsY/VcCQ1BoQnND8D3v1Le91LceJ5s/a4XBBA3ADI3NiPdqNmK2ssaxY4BfgXDg==}
    cpu: [arm64]
    os: [linux]
    libc: [musl]

  '@oxfmt/linux-x64-gnu@0.2.0':
    resolution: {integrity: sha512-qvf6cNuf4z3yjzjSvg4Jwr88jDyeFaYPU+4dBWVr6fdWhAA+BIuIvurJWYQGvWNNSkobVWH3A7m+wp+h5fNsSg==}
    cpu: [x64]
    os: [linux]
    libc: [glibc]

  '@oxfmt/linux-x64-musl@0.2.0':
    resolution: {integrity: sha512-D0rw4BVLHEbtMB6p9e+Ph7Y/56oD1DRP4Qcbbv1B1w0kJanWBB3vMH+v2rqgeYsErqJOtLpYRkPFmJSU9In2HA==}
    cpu: [x64]
    os: [linux]
    libc: [musl]

  '@oxfmt/win32-arm64@0.2.0':
    resolution: {integrity: sha512-QM0fP8YUvBNyuNa6d+jNonV34A6zGvvQ2mX93wnERpX25jIbFKljKiKDiWo2M1nUsW8zL2z4ESEeaLO9bx8djg==}
    cpu: [arm64]
    os: [win32]

  '@oxfmt/win32-x64@0.2.0':
    resolution: {integrity: sha512-WkFXliDbwFiziBSfvWXeM0Y3x07Kxxrl39kgsp+N3n5QgzsM8q6qe094+OW+hItDQ+9SSd2y9u231sMCsKxlog==}
    cpu: [x64]
    os: [win32]

  oxfmt@0.2.0:
    resolution: {integrity: sha512-99bPAiYDiYikUej8U0Slv8pcFVbMe38Ulm+T6bJ4KQgm+UsbgTKCBpWxbD/LRz1CuYw3PRpqfPv6AkQsIAo3Ag==}
    engines: {node: '>=8.*'}
    hasBin: true

snapshots:

  '@oxfmt/darwin-arm64@0.2.0':
    optional: true

  '@oxfmt/darwin-x64@0.2.0':
    optional: true

  '@oxfmt/linux-arm64-gnu@0.2.0':
    optional: true

  '@oxfmt/linux-arm64-musl@0.2.0':
    optional: true

  '@oxfmt/linux-x64-gnu@0.2.0':
    optional: true

  '@oxfmt/linux-x64-musl@0.2.0':
    optional: true

  '@oxfmt/win32-arm64@0.2.0':
    optional: true

  '@oxfmt/win32-x64@0.2.0':
    optional: true

  oxfmt@0.2.0:
    optionalDependencies:
      '@oxfmt/darwin-arm64': 0.2.0
      '@oxfmt/darwin-x64': 0.2.0
      '@oxfmt/linux-arm64-gnu': 0.2.0
      '@oxfmt/linux-arm64-musl': 0.2.0
      '@oxfmt/linux-x64-gnu': 0.2.0
      '@oxfmt/linux-x64-musl': 0.2.0
      '@oxfmt/win32-arm64': 0.2.0
      '@oxfmt/win32-x64': 0.2.0
